
Microsoft Visual Studio Solution File, Format Version 12.00
# Visual Studio Version 17
VisualStudioVersion = 17.14.36623.8 d17.14
MinimumVisualStudioVersion = 10.0.40219.1
Project("{FAE04EC0-301F-11D3-BF4B-00C04F79EFBC}") = "ArduinoCar", "ArduinoCar\ArduinoCar.csproj", "{06113900-C82A-40A6-BF00-B61B6665E760}"
EndProject
Global
	GlobalSection(SolutionConfigurationPlatforms) = preSolution
		Debug|Any CPU = Debug|Any CPU
		Release|Any CPU = Release|Any CPU
	EndGlobalSection
	GlobalSection(ProjectConfigurationPlatforms) = postSolution
		{06113900-C82A-40A6-BF00-B61B6665E760}.Debug|Any CPU.ActiveCfg = Debug|Any CPU
		{06113900-C82A-40A6-BF00-B61B6665E760}.Debug|Any CPU.Build.0 = Debug|Any CPU
		{06113900-C82A-40A6-BF00-B61B6665E760}.Release|Any CPU.ActiveCfg = Release|Any CPU
		{06113900-C82A-40A6-BF00-B61B6665E760}.Release|Any CPU.Build.0 = Release|Any CPU
	EndGlobalSection
	GlobalSection(SolutionProperties) = preSolution
		HideSolutionNode = FALSE
	EndGlobalSection
	GlobalSection(ExtensibilityGlobals) = postSolution
		SolutionGuid = {E88950EE-B05B-4E81-8554-22188C996D33}
	EndGlobalSection
EndGlobal
